
Microsoft Visual Studio Solution File, Format Version 12.00
# Visual Studio Version 16
VisualStudioVersion = 25.0.1703.8
MinimumVisualStudioVersion = 10.0.40219.1
Project("{FAE04EC0-301F-11D3-BF4B-00C04F79EFBC}") = "Locadora", "Locadora.csproj", "{B53B7730-AB25-4D69-8453-CFA7B7C77F88}"
EndProject
Global
	GlobalSection(SolutionConfigurationPlatforms) = preSolution
		Debug|Any CPU = Debug|Any CPU
		Release|Any CPU = Release|Any CPU
	EndGlobalSection
	GlobalSection(ProjectConfigurationPlatforms) = postSolution
		{B53B7730-AB25-4D69-8453-CFA7B7C77F88}.Debug|Any CPU.ActiveCfg = Debug|Any CPU
		{B53B7730-AB25-4D69-8453-CFA7B7C77F88}.Debug|Any CPU.Build.0 = Debug|Any CPU
		{B53B7730-AB25-4D69-8453-CFA7B7C77F88}.Release|Any CPU.ActiveCfg = Release|Any CPU
		{B53B7730-AB25-4D69-8453-CFA7B7C77F88}.Release|Any CPU.Build.0 = Release|Any CPU
	EndGlobalSection
	GlobalSection(SolutionProperties) = preSolution
		HideSolutionNode = FALSE
	EndGlobalSection
	GlobalSection(ExtensibilityGlobals) = postSolution
		SolutionGuid = {2182094C-3595-4E39-92A1-85AB824A9F94}
	EndGlobalSection
EndGlobal
